// !$*UTF8*$!
{archiveVersion = 1; classes = {}; objectVersion = 54; objects = {4411227784337DBB3AE28994 = { isa = PBXFileReference; lastKnownFileType = sourcecode.swift; path = SayAgain/App.swift; sourceTree = "<group>"; };
C009BA55A495B382C9BE1A6D = { isa = PBXBuildFile; fileRef = 4411227784337DBB3AE28994; };
499F784D5DDC54A211E9D82F = { isa = PBXFileReference; lastKnownFileType = sourcecode.swift; path = SayAgain/Model.swift; sourceTree = "<group>"; };
71423A1F52D6EF375EF64D51 = { isa = PBXBuildFile; fileRef = 499F784D5DDC54A211E9D82F; };
F97F0A2C270C2C6857ED8C8A = { isa = PBXFileReference; lastKnownFileType = sourcecode.swift; path = SayAgain/API.swift; sourceTree = "<group>"; };
FB39312CBC21757D0DF00AA4 = { isa = PBXBuildFile; fileRef = F97F0A2C270C2C6857ED8C8A; };
CDEFFC19B8176C89F90738D0 = { isa = PBXFileReference; lastKnownFileType = sourcecode.swift; path = SayAgain/VoiceRecorder.swift; sourceTree = "<group>"; };
0128072FBE98D0B3B4F6BFCC = { isa = PBXBuildFile; fileRef = CDEFFC19B8176C89F90738D0; };
431FE17A1711C0F9028F4BBB = { isa = PBXFileReference; lastKnownFileType = sourcecode.swift; path = SayAgain/TextModelAPI.swift; sourceTree = "<group>"; };
D9C0604956D12447A95AE63F = { isa = PBXBuildFile; fileRef = 431FE17A1711C0F9028F4BBB; };
C17CC4997D03A4CDBD1EB9CE = { isa = PBXFileReference; lastKnownFileType = sourcecode.swift; path = SayAgain/InferenceKeys.swift; sourceTree = "<group>"; };
5101333915CA372576D9E254 = { isa = PBXBuildFile; fileRef = C17CC4997D03A4CDBD1EB9CE; };
821F713FB1E49FB9D47422D6 = { isa = PBXFileReference; lastKnownFileType = sourcecode.swift; path = SayAgain/QwenAccounts.swift; sourceTree = "<group>"; };
4E5F6A1896F0F44885ED6938 = { isa = PBXBuildFile; fileRef = 821F713FB1E49FB9D47422D6; };
E0142EF12AFE8EBEA9819F29 = { isa = PBXFileReference; lastKnownFileType = sourcecode.swift; path = SayAgain/QwenAccountSettings.swift; sourceTree = "<group>"; };
E2ABAD24E2ED00E09404FA84 = { isa = PBXBuildFile; fileRef = E0142EF12AFE8EBEA9819F29; };
AC6CB7F2E86726F41370393F = { isa = PBXFileReference; lastKnownFileType = sourcecode.swift; path = SayAgain/QwenTTS.swift; sourceTree = "<group>"; };
0725D97BB4477297825523BE = { isa = PBXBuildFile; fileRef = AC6CB7F2E86726F41370393F; };
6EAEBFB3A7659F9B7C359ADC = { isa = PBXFileReference; lastKnownFileType = sourcecode.swift; path = SayAgain/Preferences.swift; sourceTree = "<group>"; };
9A592E1D1EABE037827D528B = { isa = PBXBuildFile; fileRef = 6EAEBFB3A7659F9B7C359ADC; };
F4B2BF7D68CE1FD7290B5EEB = { isa = PBXFileReference; lastKnownFileType = sourcecode.swift; path = SayAgain/Appearance.swift; sourceTree = "<group>"; };
B2F0E2E3A4A18EBBA779E8D7 = { isa = PBXBuildFile; fileRef = F4B2BF7D68CE1FD7290B5EEB; };
83F518111A9674D4E761BA14 = { isa = PBXFileReference; lastKnownFileType = sourcecode.swift; path = SayAgain/SpeechPanel.swift; sourceTree = "<group>"; };
EEBAA8D3F0560A7F5B277D9E = { isa = PBXBuildFile; fileRef = 83F518111A9674D4E761BA14; };
51594532432F4D425E10734B = { isa = PBXFileReference; lastKnownFileType = sourcecode.swift; path = SayAgain/Waveform.swift; sourceTree = "<group>"; };
FAAB887719C7661A6D5452FF = { isa = PBXBuildFile; fileRef = 51594532432F4D425E10734B; };
07A49D3014652AF5C83A32AB = { isa = PBXFileReference; lastKnownFileType = sourcecode.swift; path = SayAgain/LocalASR.swift; sourceTree = "<group>"; };
920DAF42CEE061C0B8BC93F2 = { isa = PBXBuildFile; fileRef = 07A49D3014652AF5C83A32AB; };
E9FE391F19006AA3E1E8892C = { isa = PBXFileReference; lastKnownFileType = sourcecode.cpp.objcpp; path = SayAgain/NativeASR/LocalASRBridge.mm; sourceTree = "<group>"; };
94DEA9DC64EC04D628CAB480 = { isa = PBXBuildFile; fileRef = E9FE391F19006AA3E1E8892C; };
3685E330EC5277A9DD5661C6 = { isa = PBXFileReference; lastKnownFileType = folder.assetcatalog; path = SayAgain/Assets.xcassets; sourceTree = "<group>"; };
CF8A4D27E1C506A7C75A76BE = { isa = PBXBuildFile; fileRef = 3685E330EC5277A9DD5661C6; };
F7C91FEFC9C39DE1EB3C3DBC = { isa = PBXFileReference; lastKnownFileType = file.storyboard; path = SayAgain/LaunchScreen.storyboard; sourceTree = "<group>"; };
6C65EC54BA3F3B30B12C09F0 = { isa = PBXBuildFile; fileRef = F7C91FEFC9C39DE1EB3C3DBC; };
34737FD13108628EFC097A96 = { isa = PBXFileReference; lastKnownFileType = folder; path = SayAgain/LocalASRResources; sourceTree = "<group>"; };
4342A6AAE92E7948835847EF = { isa = PBXBuildFile; fileRef = 34737FD13108628EFC097A96; };
0189424A5A60FED329FA868E = { isa = PBXResourcesBuildPhase; buildActionMask = 2147483647; files = (CF8A4D27E1C506A7C75A76BE,6C65EC54BA3F3B30B12C09F0,4342A6AAE92E7948835847EF); runOnlyForDeploymentPostprocessing = 0; };
A20DB97A7ABC5870D68E8619 = { isa = PBXFileReference; lastKnownFileType = wrapper.framework; path = SayAgain/NativeASR/onnxruntime.framework; sourceTree = "<group>"; };
64162ADE0007BAA74263F217 = { isa = PBXBuildFile; fileRef = A20DB97A7ABC5870D68E8619; };
F6BF4E1730C7501907A11F78 = { isa = PBXBuildFile; fileRef = A20DB97A7ABC5870D68E8619; settings = {ATTRIBUTES = (CodeSignOnCopy, RemoveHeadersOnCopy);}; };
C67FD61FD55C68AC3656237C = { isa = PBXCopyFilesBuildPhase; buildActionMask = 2147483647; dstPath = ""; dstSubfolderSpec = 10; files = (F6BF4E1730C7501907A11F78); name = "Embed Frameworks"; runOnlyForDeploymentPostprocessing = 0; };
38A007151ABE87CC01A5B6E9 = { isa = PBXFileReference; explicitFileType = wrapper.application; path = SayAgain.app; sourceTree = BUILT_PRODUCTS_DIR; };
64292B1C2B2E13EAD8788FC8 = { isa = PBXGroup; children = (4411227784337DBB3AE28994,499F784D5DDC54A211E9D82F,F97F0A2C270C2C6857ED8C8A,CDEFFC19B8176C89F90738D0,431FE17A1711C0F9028F4BBB,C17CC4997D03A4CDBD1EB9CE,821F713FB1E49FB9D47422D6,E0142EF12AFE8EBEA9819F29,AC6CB7F2E86726F41370393F,6EAEBFB3A7659F9B7C359ADC,F4B2BF7D68CE1FD7290B5EEB,83F518111A9674D4E761BA14,51594532432F4D425E10734B,07A49D3014652AF5C83A32AB,E9FE391F19006AA3E1E8892C,3685E330EC5277A9DD5661C6,F7C91FEFC9C39DE1EB3C3DBC,34737FD13108628EFC097A96,A20DB97A7ABC5870D68E8619,38A007151ABE87CC01A5B6E9); sourceTree = "<group>"; };
BCE16DD0260827ECF338C787 = { isa = PBXSourcesBuildPhase; buildActionMask = 2147483647; files = (C009BA55A495B382C9BE1A6D,71423A1F52D6EF375EF64D51,FB39312CBC21757D0DF00AA4,0128072FBE98D0B3B4F6BFCC,D9C0604956D12447A95AE63F,5101333915CA372576D9E254,4E5F6A1896F0F44885ED6938,E2ABAD24E2ED00E09404FA84,0725D97BB4477297825523BE,9A592E1D1EABE037827D528B,B2F0E2E3A4A18EBBA779E8D7,EEBAA8D3F0560A7F5B277D9E,FAAB887719C7661A6D5452FF,920DAF42CEE061C0B8BC93F2,94DEA9DC64EC04D628CAB480); runOnlyForDeploymentPostprocessing = 0; };
7561BFB015D8F536760CB671 = { isa = PBXFrameworksBuildPhase; buildActionMask = 2147483647; files = (64162ADE0007BAA74263F217); runOnlyForDeploymentPostprocessing = 0; };
BD604D99E75E45D38BC7AC8F = { isa = XCBuildConfiguration; name = Debug; buildSettings = {CLANG_ENABLE_OBJC_ARC = YES; CLANG_CXX_LANGUAGE_STANDARD = "c++17"; SWIFT_OBJC_BRIDGING_HEADER = "SayAgain/NativeASR/LocalASRBridge.h"; HEADER_SEARCH_PATHS = "$(SRCROOT)/SayAgain/NativeASR/include"; LIBRARY_SEARCH_PATHS = "$(SRCROOT)/SayAgain/NativeASR/lib"; FRAMEWORK_SEARCH_PATHS = "$(SRCROOT)/SayAgain/NativeASR"; LD_RUNPATH_SEARCH_PATHS = "$(inherited) @executable_path/Frameworks"; OTHER_LDFLAGS = ("-lc++", "-lSayAgainASR", "-framework", "Accelerate", "-weak_framework", "CoreML");ALWAYS_SEARCH_USER_PATHS = NO; SWIFT_VERSION = 5.0; IPHONEOS_DEPLOYMENT_TARGET = 12.0; SDKROOT = iphoneos; TARGETED_DEVICE_FAMILY = "1,2"; SAYAGAIN_BUNDLE_IDENTIFIER = com.hotpoor.sayagain.ipad; PRODUCT_BUNDLE_IDENTIFIER = "$(SAYAGAIN_BUNDLE_IDENTIFIER)"; ASSETCATALOG_COMPILER_APPICON_NAME = AppIcon; PRODUCT_NAME = SayAgain; INFOPLIST_FILE = SayAgain/Info.plist; CODE_SIGN_STYLE = Automatic; DEVELOPMENT_TEAM = K9XXFUT37X; ENABLE_BITCODE = NO; SWIFT_OPTIMIZATION_LEVEL = "-Onone";}; };
D41F56CEA1AC933D25C57AEB = { isa = XCBuildConfiguration; name = Release; buildSettings = {CLANG_ENABLE_OBJC_ARC = YES; CLANG_CXX_LANGUAGE_STANDARD = "c++17"; SWIFT_OBJC_BRIDGING_HEADER = "SayAgain/NativeASR/LocalASRBridge.h"; HEADER_SEARCH_PATHS = "$(SRCROOT)/SayAgain/NativeASR/include"; LIBRARY_SEARCH_PATHS = "$(SRCROOT)/SayAgain/NativeASR/lib"; FRAMEWORK_SEARCH_PATHS = "$(SRCROOT)/SayAgain/NativeASR"; LD_RUNPATH_SEARCH_PATHS = "$(inherited) @executable_path/Frameworks"; OTHER_LDFLAGS = ("-lc++", "-lSayAgainASR", "-framework", "Accelerate", "-weak_framework", "CoreML");ALWAYS_SEARCH_USER_PATHS = NO; SWIFT_VERSION = 5.0; IPHONEOS_DEPLOYMENT_TARGET = 12.0; SDKROOT = iphoneos; TARGETED_DEVICE_FAMILY = "1,2"; SAYAGAIN_BUNDLE_IDENTIFIER = com.hotpoor.sayagain.ipad; PRODUCT_BUNDLE_IDENTIFIER = "$(SAYAGAIN_BUNDLE_IDENTIFIER)"; ASSETCATALOG_COMPILER_APPICON_NAME = AppIcon; PRODUCT_NAME = SayAgain; INFOPLIST_FILE = SayAgain/Info.plist; CODE_SIGN_STYLE = Automatic; DEVELOPMENT_TEAM = K9XXFUT37X; ENABLE_BITCODE = NO; SWIFT_OPTIMIZATION_LEVEL = "-Onone";}; };
5FB66943637FEB59E5652D81 = { isa = XCConfigurationList; buildConfigurations = (BD604D99E75E45D38BC7AC8F,D41F56CEA1AC933D25C57AEB); defaultConfigurationIsVisible = 0; defaultConfigurationName = Debug; };
0E8A3AD980EC179856012B7E = { isa = PBXNativeTarget; buildConfigurationList = 5FB66943637FEB59E5652D81; buildPhases = (BCE16DD0260827ECF338C787,7561BFB015D8F536760CB671,0189424A5A60FED329FA868E,C67FD61FD55C68AC3656237C); buildRules = (); dependencies = (); name = SayAgain; productName = SayAgain; productReference = 38A007151ABE87CC01A5B6E9; productType = "com.apple.product-type.application"; };
E05FCB614AB36FDEE72EE1F2 = { isa = PBXFileReference; lastKnownFileType = sourcecode.swift; path = SayAgainUITests/SmokeTests.swift; sourceTree = "<group>"; };
80FAC02A0BD5812E2A00F339 = { isa = PBXBuildFile; fileRef = E05FCB614AB36FDEE72EE1F2; };
B7480EC88B7F22D0A4757273 = { isa = PBXFileReference; explicitFileType = wrapper.cfbundle; path = SayAgainUITests.xctest; sourceTree = BUILT_PRODUCTS_DIR; };
9F3002A5D69B22D357A58AA9 = { isa = PBXSourcesBuildPhase; buildActionMask = 2147483647; files = (80FAC02A0BD5812E2A00F339); runOnlyForDeploymentPostprocessing = 0; };
FCB48D8F88BCDB0ED9FADFD7 = { isa = XCBuildConfiguration; name = Debug; buildSettings = {ALWAYS_SEARCH_USER_PATHS = NO; SWIFT_VERSION = 5.0; IPHONEOS_DEPLOYMENT_TARGET = 12.0; SDKROOT = iphoneos; TARGETED_DEVICE_FAMILY = "1,2"; PRODUCT_BUNDLE_IDENTIFIER = com.hotpoor.sayagain.ipad.uitests; PRODUCT_NAME = SayAgainUITests; GENERATE_INFOPLIST_FILE = YES; CODE_SIGN_STYLE = Automatic; DEVELOPMENT_TEAM = K9XXFUT37X; TEST_TARGET_NAME = SayAgain;}; };
942EEBBACD6C88CAE7F29B29 = { isa = XCBuildConfiguration; name = Release; buildSettings = {ALWAYS_SEARCH_USER_PATHS = NO; SWIFT_VERSION = 5.0; IPHONEOS_DEPLOYMENT_TARGET = 12.0; SDKROOT = iphoneos; TARGETED_DEVICE_FAMILY = "1,2"; PRODUCT_BUNDLE_IDENTIFIER = com.hotpoor.sayagain.ipad.uitests; PRODUCT_NAME = SayAgainUITests; GENERATE_INFOPLIST_FILE = YES; CODE_SIGN_STYLE = Automatic; DEVELOPMENT_TEAM = K9XXFUT37X; TEST_TARGET_NAME = SayAgain;}; };
BECB265224D91761C05FDA33 = { isa = XCConfigurationList; buildConfigurations = (FCB48D8F88BCDB0ED9FADFD7,942EEBBACD6C88CAE7F29B29); defaultConfigurationName = Debug; defaultConfigurationIsVisible = 0; };
D799BAE6088A90139B415FCC = { isa = PBXContainerItemProxy; containerPortal = 98F54143AB4E86B28C3AFEE0; proxyType = 1; remoteGlobalIDString = 0E8A3AD980EC179856012B7E; remoteInfo = SayAgain; };
DE58E2B17C19600779694943 = { isa = PBXTargetDependency; target = 0E8A3AD980EC179856012B7E; targetProxy = D799BAE6088A90139B415FCC; };
0A06C5E2DA34E686D888A695 = { isa = PBXNativeTarget; buildConfigurationList = BECB265224D91761C05FDA33; buildPhases = (9F3002A5D69B22D357A58AA9); buildRules = (); dependencies = (DE58E2B17C19600779694943); name = SayAgainUITests; productName = SayAgainUITests; productReference = B7480EC88B7F22D0A4757273; productType = "com.apple.product-type.bundle.ui-testing"; };
98F54143AB4E86B28C3AFEE0 = { isa = PBXProject; attributes = {LastUpgradeCheck = 1320;}; buildConfigurationList = 5FB66943637FEB59E5652D81; compatibilityVersion = "Xcode 12.0"; developmentRegion = en; knownRegions = (en,Base); mainGroup = 64292B1C2B2E13EAD8788FC8; projectDirPath = ""; projectRoot = ""; targets = (0E8A3AD980EC179856012B7E,0A06C5E2DA34E686D888A695); };}; rootObject = 98F54143AB4E86B28C3AFEE0;}
